Microsoft Visual Studio Solution File, Format Version 12.00
# Visual Studio Version 18
VisualStudioVersion = 18.4.11620.152 stable
MinimumVisualStudioVersion = 17.0.0.0
Project("{9A19103F-16F7-4668-BE54-9A1E7A4F7556}") = "Weltenretter.Systeminformationen.Host", "Weltenretter.Systeminformationen.Host.csproj", "{D3D5882A-C878-462A-AD35-8A6226E5E1A5}"
EndProject
Project("{FAE04EC0-301F-11D3-BF4B-00C04F79EFBC}") = "Weltenretter.Systeminformationen", "..\Weltenretter.Systeminformationen\Weltenretter.Systeminformationen.csproj", "{0792D65D-CC75-4EA3-9A74-C705B207BA8E}"
EndProject
Global
	GlobalSection(SolutionConfigurationPlatforms) = preSolution
		Debug|Any CPU = Debug|Any CPU
		Release|Any CPU = Release|Any CPU
	EndGlobalSection
	GlobalSection(ProjectConfigurationPlatforms) = postSolution
		{D3D5882A-C878-462A-AD35-8A6226E5E1A5}.Debug|Any CPU.ActiveCfg = Debug|Any CPU
		{D3D5882A-C878-462A-AD35-8A6226E5E1A5}.Debug|Any CPU.Build.0 = Debug|Any CPU
		{D3D5882A-C878-462A-AD35-8A6226E5E1A5}.Release|Any CPU.ActiveCfg = Release|Any CPU
		{D3D5882A-C878-462A-AD35-8A6226E5E1A5}.Release|Any CPU.Build.0 = Release|Any CPU
		{0792D65D-CC75-4EA3-9A74-C705B207BA8E}.Debug|Any CPU.ActiveCfg = Debug|Any CPU
		{0792D65D-CC75-4EA3-9A74-C705B207BA8E}.Debug|Any CPU.Build.0 = Debug|Any CPU
		{0792D65D-CC75-4EA3-9A74-C705B207BA8E}.Release|Any CPU.ActiveCfg = Release|Any CPU
		{0792D65D-CC75-4EA3-9A74-C705B207BA8E}.Release|Any CPU.Build.0 = Release|Any CPU
	EndGlobalSection
	GlobalSection(SolutionProperties) = preSolution
		HideSolutionNode = FALSE
	EndGlobalSection
	GlobalSection(ExtensibilityGlobals) = postSolution
		SolutionGuid = {2EF3970D-0513-4E98-98BF-3F1719DB1E18}
	EndGlobalSection
EndGlobal
